dependencies:
- name: common
  repository: file://../common
  version: 1.0.0
- name: elasticsearch
  repository: https://charts.bitnami.com/bitnami
  version: 12.3.5
- name: mysql
  repository: https://kubernetes-charts.storage.googleapis.com
  version: 1.6.4
- name: kibana
  repository: https://charts.bitnami.com/bitnami
  version: 5.2.4
- name: redis
  repository: https://charts.bitnami.com/bitnami
  version: 10.7.1
digest: sha256:ce100f438b7ea767f59f7879f6ee08e934f1b2b96c5d1365b9066b518faa3b28
generated: "2020-06-15T09:19:24.145507+04:30"
