dependencies:
- name: common
  repository: file://../common
  version: 1.0.0
- name: elasticsearch
  repository: https://charts.bitnami.com/bitnami
  version: 12.3.5
- name: kibana
  repository: https://charts.bitnami.com/bitnami
  version: 5.2.4
- name: redis
  repository: https://charts.bitnami.com/bitnami
  version: 10.7.1
digest: sha256:5eda14e5176369af60f23e23141740e3254a24b238e0e9ebbe317547065ae522
generated: "2020-06-15T09:16:35.92453+04:30"
