dependencies:
- name: common
  repository: file://../../common/k8s
  version: 1.0.0
- name: mysql
  repository: https://charts.bitnami.com/bitnami
  version: 4.5.0
- name: redis
  repository: https://charts.bitnami.com/bitnami
  version: 10.7.1
digest: sha256:9c25046db74578c3e5c008e5bd224c4d6ca33aef7ff3c6847777fed5c177bab7
generated: "2020-06-22T23:55:34.676116+04:30"
