dependencies:
- name: common
  repository: file://../../common/k8s
  version: 1.0.0
- name: elasticsearch
  repository: https://charts.bitnami.com/bitnami
  version: 12.3.5
- name: mysql
  repository: https://charts.bitnami.com/bitnami
  version: 4.5.0
- name: kibana
  repository: https://charts.bitnami.com/bitnami
  version: 5.2.4
- name: redis
  repository: https://charts.bitnami.com/bitnami
  version: 10.7.1
digest: sha256:86cc97792bbbe1c8e2c430b5d0007dd614580d408fb50677277fc8eaa71fe2dd
generated: "2020-06-22T23:56:00.89913+04:30"
