dependencies:
- name: common
  repository: file://../common
  version: 1.0.0
- name: mysql
  repository: https://kubernetes-charts.storage.googleapis.com
  version: 1.6.4
- name: redis
  repository: https://charts.bitnami.com/bitnami
  version: 10.7.1
digest: sha256:903805a04be88a61e4106554c68a2d13a86b723eb94dc592e804d40060b79094
generated: "2020-06-15T09:16:09.496942+04:30"
